
Microsoft Visual Studio Solution File, Format Version 12.00
# Visual Studio 14
VisualStudioVersion = 14.0.23107.0
MinimumVisualStudioVersion = 10.0.40219.1
Project("{FAE04EC0-301F-11D3-BF4B-00C04F79EFBC}") = "BackwardsCounterProgram", "BackwardsCounterProgram\BackwardsCounterProgram.csproj", "{2DB294DF-0934-4CA4-9096-5E37B1F87C3E}"
EndProject
Project("{FAE04EC0-301F-11D3-BF4B-00C04F79EFBC}") = "BackwardsCounterProgramTest", "BackwardsCounterProgramTest\BackwardsCounterProgramTest.csproj", "{97147A6B-8BF1-4291-BD12-480D799620E0}"
EndProject
Global
	GlobalSection(SolutionConfigurationPlatforms) = preSolution
		Debug|Any CPU = Debug|Any CPU
		Release|Any CPU = Release|Any CPU
	EndGlobalSection
	GlobalSection(ProjectConfigurationPlatforms) = postSolution
		{2DB294DF-0934-4CA4-9096-5E37B1F87C3E}.Debug|Any CPU.ActiveCfg = Debug|Any CPU
		{2DB294DF-0934-4CA4-9096-5E37B1F87C3E}.Debug|Any CPU.Build.0 = Debug|Any CPU
		{2DB294DF-0934-4CA4-9096-5E37B1F87C3E}.Release|Any CPU.ActiveCfg = Release|Any CPU
		{2DB294DF-0934-4CA4-9096-5E37B1F87C3E}.Release|Any CPU.Build.0 = Release|Any CPU
		{97147A6B-8BF1-4291-BD12-480D799620E0}.Debug|Any CPU.ActiveCfg = Debug|Any CPU
		{97147A6B-8BF1-4291-BD12-480D799620E0}.Debug|Any CPU.Build.0 = Debug|Any CPU
		{97147A6B-8BF1-4291-BD12-480D799620E0}.Release|Any CPU.ActiveCfg = Release|Any CPU
		{97147A6B-8BF1-4291-BD12-480D799620E0}.Release|Any CPU.Build.0 = Release|Any CPU
	EndGlobalSection
	GlobalSection(SolutionProperties) = preSolution
		HideSolutionNode = FALSE
	EndGlobalSection
EndGlobal
